
Microsoft Visual Studio Solution File, Format Version 12.00
# Visual Studio Version 16
VisualStudioVersion = 16.0.31911.196
MinimumVisualStudioVersion = 10.0.40219.1
Project("{FAE04EC0-301F-11D3-BF4B-00C04F79EFBC}") = "programacion3eje1", "programacion3eje1\programacion3eje1.csproj", "{7E51365C-6540-41C1-A5B2-6A4B7A3AB342}"
EndProject
Global
	GlobalSection(SolutionConfigurationPlatforms) = preSolution
		Debug|Any CPU = Debug|Any CPU
		Release|Any CPU = Release|Any CPU
	EndGlobalSection
	GlobalSection(ProjectConfigurationPlatforms) = postSolution
		{7E51365C-6540-41C1-A5B2-6A4B7A3AB342}.Debug|Any CPU.ActiveCfg = Debug|Any CPU
		{7E51365C-6540-41C1-A5B2-6A4B7A3AB342}.Debug|Any CPU.Build.0 = Debug|Any CPU
		{7E51365C-6540-41C1-A5B2-6A4B7A3AB342}.Release|Any CPU.ActiveCfg = Release|Any CPU
		{7E51365C-6540-41C1-A5B2-6A4B7A3AB342}.Release|Any CPU.Build.0 = Release|Any CPU
	EndGlobalSection
	GlobalSection(SolutionProperties) = preSolution
		HideSolutionNode = FALSE
	EndGlobalSection
	GlobalSection(ExtensibilityGlobals) = postSolution
		SolutionGuid = {16B5D7A8-6D88-441C-9D57-45EDF6F36B1B}
	EndGlobalSection
EndGlobal
